Microsoft Visual Studio Solution File, Format Version 11.00
# Visual Studio 2008

Project("{80346BDE-2366-973A-83DD-E01AC5438CCB}") = "RPG_Master", "Assembly-CSharp-firstpass.csproj", "{1C1C8E9D-EA1B-56A5-F5C6-846395DEB015}"
EndProject
Project("{80346BDE-2366-973A-83DD-E01AC5438CCB}") = "RPG_Master", "Assembly-CSharp.csproj", "{56A7AE5C-C4A7-8ACA-BA75-C2B80DB43953}"
EndProject
Project("{80346BDE-2366-973A-83DD-E01AC5438CCB}") = "RPG_Master", "Assembly-CSharp-Editor.csproj", "{7539280C-540D-39CC-A8C4-9698C9AFAAC6}"
EndProject
Project("{80346BDE-2366-973A-83DD-E01AC5438CCB}") = "RPG_Master", "Assembly-UnityScript.unityproj", "{163AB7AA-F22F-5096-2E58-A991BCFC7C0F}"
EndProject
Global
	GlobalSection(SolutionConfigurationPlatforms) = preSolution
		Debug|Any CPU = Debug|Any CPU
		Release|Any CPU = Release|Any CPU
	EndGlobalSection
	GlobalSection(ProjectConfigurationPlatforms) = postSolution
		{1C1C8E9D-EA1B-56A5-F5C6-846395DEB015}.Debug|Any CPU.ActiveCfg = Debug|Any CPU
		{1C1C8E9D-EA1B-56A5-F5C6-846395DEB015}.Debug|Any CPU.Build.0 = Debug|Any CPU
		{1C1C8E9D-EA1B-56A5-F5C6-846395DEB015}.Release|Any CPU.ActiveCfg = Release|Any CPU
		{1C1C8E9D-EA1B-56A5-F5C6-846395DEB015}.Release|Any CPU.Build.0 = Release|Any CPU
		{56A7AE5C-C4A7-8ACA-BA75-C2B80DB43953}.Debug|Any CPU.ActiveCfg = Debug|Any CPU
		{56A7AE5C-C4A7-8ACA-BA75-C2B80DB43953}.Debug|Any CPU.Build.0 = Debug|Any CPU
		{56A7AE5C-C4A7-8ACA-BA75-C2B80DB43953}.Release|Any CPU.ActiveCfg = Release|Any CPU
		{56A7AE5C-C4A7-8ACA-BA75-C2B80DB43953}.Release|Any CPU.Build.0 = Release|Any CPU
		{7539280C-540D-39CC-A8C4-9698C9AFAAC6}.Debug|Any CPU.ActiveCfg = Debug|Any CPU
		{7539280C-540D-39CC-A8C4-9698C9AFAAC6}.Debug|Any CPU.Build.0 = Debug|Any CPU
		{7539280C-540D-39CC-A8C4-9698C9AFAAC6}.Release|Any CPU.ActiveCfg = Release|Any CPU
		{7539280C-540D-39CC-A8C4-9698C9AFAAC6}.Release|Any CPU.Build.0 = Release|Any CPU
		{163AB7AA-F22F-5096-2E58-A991BCFC7C0F}.Debug|Any CPU.ActiveCfg = Debug|Any CPU
		{163AB7AA-F22F-5096-2E58-A991BCFC7C0F}.Debug|Any CPU.Build.0 = Debug|Any CPU
		{163AB7AA-F22F-5096-2E58-A991BCFC7C0F}.Release|Any CPU.ActiveCfg = Release|Any CPU
		{163AB7AA-F22F-5096-2E58-A991BCFC7C0F}.Release|Any CPU.Build.0 = Release|Any CPU
	EndGlobalSection
	GlobalSection(SolutionProperties) = preSolution
		HideSolutionNode = FALSE
	EndGlobalSection
												GlobalSection(MonoDevelopProperties) = preSolution
		StartupItem = Assembly-CSharp.csproj
		Policies = $0
		$0.TextStylePolicy = $1
		$1.inheritsSet = null
		$1.scope = text/x-csharp
		$0.CSharpFormattingPolicy = $2
		$2.inheritsSet = Mono
		$2.inheritsScope = text/x-csharp
		$2.scope = text/x-csharp
		$0.TextStylePolicy = $3
		$3.FileWidth = 120
		$3.TabWidth = 4
		$3.IndentWidth = 4
		$3.EolMarker = Unix
		$3.inheritsSet = Mono
		$3.inheritsScope = text/plain
		$3.scope = text/plain
	EndGlobalSection
EndGlobal
